
Microsoft Visual Studio Solution File, Format Version 12.00
# Visual Studio Version 16
VisualStudioVersion = 16.0.33529.622
MinimumVisualStudioVersion = 10.0.40219.1
Project("{FAE04EC0-301F-11D3-BF4B-00C04F79EFBC}") = "AircraftCarrier", "AircraftCarrier\AircraftCarrier.csproj", "{432A23F9-6EA7-4F6D-9BB9-7B0EA1F7C971}"
EndProject
Global
	GlobalSection(SolutionConfigurationPlatforms) = preSolution
		Debug|Any CPU = Debug|Any CPU
		Release|Any CPU = Release|Any CPU
	EndGlobalSection
	GlobalSection(ProjectConfigurationPlatforms) = postSolution
		{432A23F9-6EA7-4F6D-9BB9-7B0EA1F7C971}.Debug|Any CPU.ActiveCfg = Debug|Any CPU
		{432A23F9-6EA7-4F6D-9BB9-7B0EA1F7C971}.Debug|Any CPU.Build.0 = Debug|Any CPU
		{432A23F9-6EA7-4F6D-9BB9-7B0EA1F7C971}.Release|Any CPU.ActiveCfg = Release|Any CPU
		{432A23F9-6EA7-4F6D-9BB9-7B0EA1F7C971}.Release|Any CPU.Build.0 = Release|Any CPU
	EndGlobalSection
	GlobalSection(SolutionProperties) = preSolution
		HideSolutionNode = FALSE
	EndGlobalSection
	GlobalSection(ExtensibilityGlobals) = postSolution
		SolutionGuid = {9E1C870D-438D-4CCB-AED9-24BC6EFB6E5F}
	EndGlobalSection
EndGlobal
